// !$*UTF8*$!
{
	archiveVersion = 1;
	classes = {
	};
	objectVersion = 46;
	objects = {

/* Begin PBXBuildFile section */
		DF210DC11D4B5BBC007BF8D9 /* AppDelegate.swift in Sources */ = {isa = PBXBuildFile; fileRef = DF210DC01D4B5BBC007BF8D9 /* AppDelegate.swift */; };
		DF210DC31D4B5BBC007BF8D9 /* ViewController.swift in Sources */ = {isa = PBXBuildFile; fileRef = DF210DC21D4B5BBC007BF8D9 /* ViewController.swift */; };
		DF210DC61D4B5BBC007BF8D9 /* Main.storyboard in Resources */ = {isa = PBXBuildFile; fileRef = DF210DC41D4B5BBC007BF8D9 /* Main.storyboard */; };
		DF210DC91D4B5BBC007BF8D9 /* survey.xcdatamodeld in Sources */ = {isa = PBXBuildFile; fileRef = DF210DC71D4B5BBC007BF8D9 /* survey.xcdatamodeld */; };
		DF210DCB1D4B5BBC007BF8D9 /* Assets.xcassets in Resources */ = {isa = PBXBuildFile; fileRef = DF210DCA1D4B5BBC007BF8D9 /* Assets.xcassets */; };
		DF210DCE1D4B5BBC007BF8D9 /* LaunchScreen.storyboard in Resources */ = {isa = PBXBuildFile; fileRef = DF210DCC1D4B5BBC007BF8D9 /* LaunchScreen.storyboard */; };
		DF210DD91D4B5BBC007BF8D9 /* surveyTests.swift in Sources */ = {isa = PBXBuildFile; fileRef = DF210DD81D4B5BBC007BF8D9 /* surveyTests.swift */; };
/* End PBXBuildFile section */

/* Begin PBXContainerItemProxy section */
		DF210DD51D4B5BBC007BF8D9 /* PBXContainerItemProxy */ = {
			isa = PBXContainerItemProxy;
			containerPortal = DF210DB51D4B5BBC007BF8D9 /* Project object */;
			proxyType = 1;
			remoteGlobalIDString = DF210DBC1D4B5BBC007BF8D9;
			remoteInfo = survey;
		};
/* End PBXContainerItemProxy section */

/* Begin PBXFileReference section */
		DF210DBD1D4B5BBC007BF8D9 /* survey.app */ = {isa = PBXFileReference; explicitFileType = wrapper.application; includeInIndex = 0; path = survey.app; sourceTree = BUILT_PRODUCTS_DIR; };
		DF210DC01D4B5BBC007BF8D9 /* AppDelegate.swift */ = {isa = PBXFileReference; lastKnownFileType = sourcecode.swift; path = AppDelegate.swift; sourceTree = "<group>"; };
		DF210DC21D4B5BBC007BF8D9 /* ViewController.swift */ = {isa = PBXFileReference; lastKnownFileType = sourcecode.swift; path = ViewController.swift; sourceTree = "<group>"; };
		DF210DC51D4B5BBC007BF8D9 /* Base */ = {isa = PBXFileReference; lastKnownFileType = file.storyboard; name = Base; path = Base.lproj/Main.storyboard; sourceTree = "<group>"; };
		DF210DC81D4B5BBC007BF8D9 /* survey.xcdatamodel */ = {isa = PBXFileReference; lastKnownFileType = wrapper.xcdatamodel; path = survey.xcdatamodel; sourceTree = "<group>"; };
		DF210DCA1D4B5BBC007BF8D9 /* Assets.xcassets */ = {isa = PBXFileReference; lastKnownFileType = folder.assetcatalog; path = Assets.xcassets; sourceTree = "<group>"; };
		DF210DCD1D4B5BBC007BF8D9 /* Base */ = {isa = PBXFileReference; lastKnownFileType = file.storyboard; name = Base; path = Base.lproj/LaunchScreen.storyboard; sourceTree = "<group>"; };
		DF210DCF1D4B5BBC007BF8D9 /* Info.plist */ = {isa = PBXFileReference; lastKnownFileType = text.plist.xml; path = Info.plist; sourceTree = "<group>"; };
		DF210DD41D4B5BBC007BF8D9 /* surveyTests.xctest */ = {isa = PBXFileReference; explicitFileType = wrapper.cfbundle; includeInIndex = 0; path = surveyTests.xctest; sourceTree = BUILT_PRODUCTS_DIR; };
		DF210DD81D4B5BBC007BF8D9 /* surveyTests.swift */ = {isa = PBXFileReference; lastKnownFileType = sourcecode.swift; path = surveyTests.swift; sourceTree = "<group>"; };
		DF210DDA1D4B5BBC007BF8D9 /* Info.plist */ = {isa = PBXFileReference; lastKnownFileType = text.plist.xml; path = Info.plist; sourceTree = "<group>"; };
/* End PBXFileReference section */

/* Begin PBXFrameworksBuildPhase section */
		DF210DBA1D4B5BBC007BF8D9 /* Frameworks */ = {
			isa = PBXFrameworksBuildPhase;
			buildActionMask = 2147483647;
			files = (
			);
			runOnlyForDeploymentPostprocessing = 0;
		};
		DF210DD11D4B5BBC007BF8D9 /* Frameworks */ = {
			isa = PBXFrameworksBuildPhase;
			buildActionMask = 2147483647;
			files = (
			);
			runOnlyForDeploymentPostprocessing = 0;
		};
/* End PBXFrameworksBuildPhase section */

/* Begin PBXGroup section */
		DF210DB41D4B5BBC007BF8D9 = {
			isa = PBXGroup;
			children = (
				DF210DBF1D4B5BBC007BF8D9 /* survey */,
				DF210DD71D4B5BBC007BF8D9 /* surveyTests */,
				DF210DBE1D4B5BBC007BF8D9 /* Products */,
			);
			sourceTree = "<group>";
		};
		DF210DBE1D4B5BBC007BF8D9 /* Products */ = {
			isa = PBXGroup;
			children = (
				DF210DBD1D4B5BBC007BF8D9 /* survey.app */,
				DF210DD41D4B5BBC007BF8D9 /* surveyTests.xctest */,
			);
			name = Products;
			sourceTree = "<group>";
		};
		DF210DBF1D4B5BBC007BF8D9 /* survey */ = {
			isa = PBXGroup;
			children = (
				DF210DC01D4B5BBC007BF8D9 /* AppDelegate.swift */,
				DF210DC21D4B5BBC007BF8D9 /* ViewController.swift */,
				DF210DC41D4B5BBC007BF8D9 /* Main.storyboard */,
				DF210DCA1D4B5BBC007BF8D9 /* Assets.xcassets */,
				DF210DCC1D4B5BBC007BF8D9 /* LaunchScreen.storyboard */,
				DF210DCF1D4B5BBC007BF8D9 /* Info.plist */,
				DF210DC71D4B5BBC007BF8D9 /* survey.xcdatamodeld */,
			);
			path = survey;
			sourceTree = "<group>";
		};
		DF210DD71D4B5BBC007BF8D9 /* surveyTests */ = {
			isa = PBXGroup;
			children = (
				DF210DD81D4B5BBC007BF8D9 /* surveyTests.swift */,
				DF210DDA1D4B5BBC007BF8D9 /* Info.plist */,
			);
			path = surveyTests;
			sourceTree = "<group>";
		};
/* End PBXGroup section */

/* Begin PBXNativeTarget section */
		DF210DBC1D4B5BBC007BF8D9 /* survey */ = {
			isa = PBXNativeTarget;
			buildConfigurationList = DF210DDD1D4B5BBC007BF8D9 /* Build configuration list for PBXNativeTarget "survey" */;
			buildPhases = (
				DF210DB91D4B5BBC007BF8D9 /* Sources */,
				DF210DBA1D4B5BBC007BF8D9 /* Frameworks */,
				DF210DBB1D4B5BBC007BF8D9 /* Resources */,
			);
			buildRules = (
			);
			dependencies = (
			);
			name = survey;
			productName = survey;
			productReference = DF210DBD1D4B5BBC007BF8D9 /* survey.app */;
			productType = "com.apple.product-type.application";
		};
		DF210DD31D4B5BBC007BF8D9 /* surveyTests */ = {
			isa = PBXNativeTarget;
			buildConfigurationList = DF210DE01D4B5BBC007BF8D9 /* Build configuration list for PBXNativeTarget "surveyTests" */;
			buildPhases = (
				DF210DD01D4B5BBC007BF8D9 /* Sources */,
				DF210DD11D4B5BBC007BF8D9 /* Frameworks */,
				DF210DD21D4B5BBC007BF8D9 /* Resources */,
			);
			buildRules = (
			);
			dependencies = (
				DF210DD61D4B5BBC007BF8D9 /* PBXTargetDependency */,
			);
			name = surveyTests;
			productName = surveyTests;
			productReference = DF210DD41D4B5BBC007BF8D9 /* surveyTests.xctest */;
			productType = "com.apple.product-type.bundle.unit-test";
		};
/* End PBXNativeTarget section */

/* Begin PBXProject section */
		DF210DB51D4B5BBC007BF8D9 /* Project object */ = {
			isa = PBXProject;
			attributes = {
				LastSwiftUpdateCheck = 0730;
				LastUpgradeCheck = 0730;
				ORGANIZATIONNAME = Nimble;
				TargetAttributes = {
					DF210DBC1D4B5BBC007BF8D9 = {
						CreatedOnToolsVersion = 7.3.1;
					};
					DF210DD31D4B5BBC007BF8D9 = {
						CreatedOnToolsVersion = 7.3.1;
						TestTargetID = DF210DBC1D4B5BBC007BF8D9;
					};
				};
			};
			buildConfigurationList = DF210DB81D4B5BBC007BF8D9 /* Build configuration list for PBXProject "survey" */;
			compatibilityVersion = "Xcode 3.2";
			developmentRegion = English;
			hasScannedForEncodings = 0;
			knownRegions = (
				en,
				Base,
			);
			mainGroup = DF210DB41D4B5BBC007BF8D9;
			productRefGroup = DF210DBE1D4B5BBC007BF8D9 /* Products */;
			projectDirPath = "";
			projectRoot = "";
			targets = (
				DF210DBC1D4B5BBC007BF8D9 /* survey */,
				DF210DD31D4B5BBC007BF8D9 /* surveyTests */,
			);
		};
/* End PBXProject section */

/* Begin PBXResourcesBuildPhase section */
		DF210DBB1D4B5BBC007BF8D9 /* Resources */ = {
			isa = PBXResourcesBuildPhase;
			buildActionMask = 2147483647;
			files = (
				DF210DCE1D4B5BBC007BF8D9 /* LaunchScreen.storyboard in Resources */,
				DF210DCB1D4B5BBC007BF8D9 /* Assets.xcassets in Resources */,
				DF210DC61D4B5BBC007BF8D9 /* Main.storyboard in Resources */,
			);
			runOnlyForDeploymentPostprocessing = 0;
		};
		DF210DD21D4B5BBC007BF8D9 /* Resources */ = {
			isa = PBXResourcesBuildPhase;
			buildActionMask = 2147483647;
			files = (
			);
			runOnlyForDeploymentPostprocessing = 0;
		};
/* End PBXResourcesBuildPhase section */

/* Begin PBXSourcesBuildPhase section */
		DF210DB91D4B5BBC007BF8D9 /* Sources */ = {
			isa = PBXSourcesBuildPhase;
			buildActionMask = 2147483647;
			files = (
				DF210DC31D4B5BBC007BF8D9 /* ViewController.swift in Sources */,
				DF210DC91D4B5BBC007BF8D9 /* survey.xcdatamodeld in Sources */,
				DF210DC11D4B5BBC007BF8D9 /* AppDelegate.swift in Sources */,
			);
			runOnlyForDeploymentPostprocessing = 0;
		};
		DF210DD01D4B5BBC007BF8D9 /* Sources */ = {
			isa = PBXSourcesBuildPhase;
			buildActionMask = 2147483647;
			files = (
				DF210DD91D4B5BBC007BF8D9 /* surveyTests.swift in Sources */,
			);
			runOnlyForDeploymentPostprocessing = 0;
		};
/* End PBXSourcesBuildPhase section */

/* Begin PBXTargetDependency section */
		DF210DD61D4B5BBC007BF8D9 /* PBXTargetDependency */ = {
			isa = PBXTargetDependency;
			target = DF210DBC1D4B5BBC007BF8D9 /* survey */;
			targetProxy = DF210DD51D4B5BBC007BF8D9 /* PBXContainerItemProxy */;
		};
/* End PBXTargetDependency section */

/* Begin PBXVariantGroup section */
		DF210DC41D4B5BBC007BF8D9 /* Main.storyboard */ = {
			isa = PBXVariantGroup;
			children = (
				DF210DC51D4B5BBC007BF8D9 /* Base */,
			);
			name = Main.storyboard;
			sourceTree = "<group>";
		};
		DF210DCC1D4B5BBC007BF8D9 /* LaunchScreen.storyboard */ = {
			isa = PBXVariantGroup;
			children = (
				DF210DCD1D4B5BBC007BF8D9 /* Base */,
			);
			name = LaunchScreen.storyboard;
			sourceTree = "<group>";
		};
/* End PBXVariantGroup section */

/* Begin XCBuildConfiguration section */
		DF210DDB1D4B5BBC007BF8D9 /* Debug */ = {
			isa = XCBuildConfiguration;
			buildSettings = {
				ALWAYS_SEARCH_USER_PATHS = NO;
				CLANG_ANALYZER_NONNULL = YES;
				CLANG_CXX_LANGUAGE_STANDARD = "gnu++0x";
				CLANG_CXX_LIBRARY = "libc++";
				CLANG_ENABLE_MODULES = YES;
				CLANG_ENABLE_OBJC_ARC = YES;
				CLANG_WARN_BOOL_CONVERSION = YES;
				CLANG_WARN_CONSTANT_CONVERSION = YES;
				CLANG_WARN_DIRECT_OBJC_ISA_USAGE = YES_ERROR;
				CLANG_WARN_EMPTY_BODY = YES;
				CLANG_WARN_ENUM_CONVERSION = YES;
				CLANG_WARN_INT_CONVERSION = YES;
				CLANG_WARN_OBJC_ROOT_CLASS = YES_ERROR;
				CLANG_WARN_UNREACHABLE_CODE = YES;
				CLANG_WARN__DUPLICATE_METHOD_MATCH = YES;
				"CODE_SIGN_IDENTITY[sdk=iphoneos*]" = "iPhone Developer";
				COPY_PHASE_STRIP = NO;
				DEBUG_INFORMATION_FORMAT = dwarf;
				ENABLE_STRICT_OBJC_MSGSEND = YES;
				ENABLE_TESTABILITY = YES;
				GCC_C_LANGUAGE_STANDARD = gnu99;
				GCC_DYNAMIC_NO_PIC = NO;
				GCC_NO_COMMON_BLOCKS = YES;
				GCC_OPTIMIZATION_LEVEL = 0;
				GCC_PREPROCESSOR_DEFINITIONS = (
					"DEBUG=1",
					"$(inherited)",
				);
				GCC_WARN_64_TO_32_BIT_CONVERSION = YES;
				GCC_WARN_ABOUT_RETURN_TYPE = YES_ERROR;
				GCC_WARN_UNDECLARED_SELECTOR = YES;
				GCC_WARN_UNINITIALIZED_AUTOS = YES_AGGRESSIVE;
				GCC_WARN_UNUSED_FUNCTION = YES;
				GCC_WARN_UNUSED_VARIABLE = YES;
				IPHONEOS_DEPLOYMENT_TARGET = 9.3;
				MTL_ENABLE_DEBUG_INFO = YES;
				ONLY_ACTIVE_ARCH = YES;
				SDKROOT = iphoneos;
				SWIFT_OPTIMIZATION_LEVEL = "-Onone";
				TARGETED_DEVICE_FAMILY = "1,2";
			};
			name = Debug;
		};
		DF210DDC1D4B5BBC007BF8D9 /* Release */ = {
			isa = XCBuildConfiguration;
			buildSettings = {
				ALWAYS_SEARCH_USER_PATHS = NO;
				CLANG_ANALYZER_NONNULL = YES;
				CLANG_CXX_LANGUAGE_STANDARD = "gnu++0x";
				CLANG_CXX_LIBRARY = "libc++";
				CLANG_ENABLE_MODULES = YES;
				CLANG_ENABLE_OBJC_ARC = YES;
				CLANG_WARN_BOOL_CONVERSION = YES;
				CLANG_WARN_CONSTANT_CONVERSION = YES;
				CLANG_WARN_DIRECT_OBJC_ISA_USAGE = YES_ERROR;
				CLANG_WARN_EMPTY_BODY = YES;
				CLANG_WARN_ENUM_CONVERSION = YES;
				CLANG_WARN_INT_CONVERSION = YES;
				CLANG_WARN_OBJC_ROOT_CLASS = YES_ERROR;
				CLANG_WARN_UNREACHABLE_CODE = YES;
				CLANG_WARN__DUPLICATE_METHOD_MATCH = YES;
				"CODE_SIGN_IDENTITY[sdk=iphoneos*]" = "iPhone Developer";
				COPY_PHASE_STRIP = NO;
				DEBUG_INFORMATION_FORMAT = "dwarf-with-dsym";
				ENABLE_NS_ASSERTIONS = NO;
				ENABLE_STRICT_OBJC_MSGSEND = YES;
				GCC_C_LANGUAGE_STANDARD = gnu99;
				GCC_NO_COMMON_BLOCKS = YES;
				GCC_WARN_64_TO_32_BIT_CONVERSION = YES;
				GCC_WARN_ABOUT_RETURN_TYPE = YES_ERROR;
				GCC_WARN_UNDECLARED_SELECTOR = YES;
				GCC_WARN_UNINITIALIZED_AUTOS = YES_AGGRESSIVE;
				GCC_WARN_UNUSED_FUNCTION = YES;
				GCC_WARN_UNUSED_VARIABLE = YES;
				IPHONEOS_DEPLOYMENT_TARGET = 9.3;
				MTL_ENABLE_DEBUG_INFO = NO;
				SDKROOT = iphoneos;
				TARGETED_DEVICE_FAMILY = "1,2";
				VALIDATE_PRODUCT = YES;
			};
			name = Release;
		};
		DF210DDE1D4B5BBC007BF8D9 /* Debug */ = {
			isa = XCBuildConfiguration;
			buildSettings = {
				ASSETCATALOG_COMPILER_APPICON_NAME = AppIcon;
				INFOPLIST_FILE = survey/Info.plist;
				LD_RUNPATH_SEARCH_PATHS = "$(inherited) @executable_path/Frameworks";
				PRODUCT_BUNDLE_IDENTIFIER = com.nimble.survey;
				PRODUCT_NAME = "$(TARGET_NAME)";
			};
			name = Debug;
		};
		DF210DDF1D4B5BBC007BF8D9 /* Release */ = {
			isa = XCBuildConfiguration;
			buildSettings = {
				ASSETCATALOG_COMPILER_APPICON_NAME = AppIcon;
				INFOPLIST_FILE = survey/Info.plist;
				LD_RUNPATH_SEARCH_PATHS = "$(inherited) @executable_path/Frameworks";
				PRODUCT_BUNDLE_IDENTIFIER = com.nimble.survey;
				PRODUCT_NAME = "$(TARGET_NAME)";
			};
			name = Release;
		};
		DF210DE11D4B5BBC007BF8D9 /* Debug */ = {
			isa = XCBuildConfiguration;
			buildSettings = {
				BUNDLE_LOADER = "$(TEST_HOST)";
				INFOPLIST_FILE = surveyTests/Info.plist;
				LD_RUNPATH_SEARCH_PATHS = "$(inherited) @executable_path/Frameworks @loader_path/Frameworks";
				PRODUCT_BUNDLE_IDENTIFIER = com.nimble.surveyTests;
				PRODUCT_NAME = "$(TARGET_NAME)";
				TEST_HOST = "$(BUILT_PRODUCTS_DIR)/survey.app/survey";
			};
			name = Debug;
		};
		DF210DE21D4B5BBC007BF8D9 /* Release */ = {
			isa = XCBuildConfiguration;
			buildSettings = {
				BUNDLE_LOADER = "$(TEST_HOST)";
				INFOPLIST_FILE = surveyTests/Info.plist;
				LD_RUNPATH_SEARCH_PATHS = "$(inherited) @executable_path/Frameworks @loader_path/Frameworks";
				PRODUCT_BUNDLE_IDENTIFIER = com.nimble.surveyTests;
				PRODUCT_NAME = "$(TARGET_NAME)";
				TEST_HOST = "$(BUILT_PRODUCTS_DIR)/survey.app/survey";
			};
			name = Release;
		};
/* End XCBuildConfiguration section */

/* Begin XCConfigurationList section */
		DF210DB81D4B5BBC007BF8D9 /* Build configuration list for PBXProject "survey" */ = {
			isa = XCConfigurationList;
			buildConfigurations = (
				DF210DDB1D4B5BBC007BF8D9 /* Debug */,
				DF210DDC1D4B5BBC007BF8D9 /* Release */,
			);
			defaultConfigurationIsVisible = 0;
			defaultConfigurationName = Release;
		};
		DF210DDD1D4B5BBC007BF8D9 /* Build configuration list for PBXNativeTarget "survey" */ = {
			isa = XCConfigurationList;
			buildConfigurations = (
				DF210DDE1D4B5BBC007BF8D9 /* Debug */,
				DF210DDF1D4B5BBC007BF8D9 /* Release */,
			);
			defaultConfigurationIsVisible = 0;
		};
		DF210DE01D4B5BBC007BF8D9 /* Build configuration list for PBXNativeTarget "surveyTests" */ = {
			isa = XCConfigurationList;
			buildConfigurations = (
				DF210DE11D4B5BBC007BF8D9 /* Debug */,
				DF210DE21D4B5BBC007BF8D9 /* Release */,
			);
			defaultConfigurationIsVisible = 0;
		};
/* End XCConfigurationList section */

/* Begin XCVersionGroup section */
		DF210DC71D4B5BBC007BF8D9 /* survey.xcdatamodeld */ = {
			isa = XCVersionGroup;
			children = (
				DF210DC81D4B5BBC007BF8D9 /* survey.xcdatamodel */,
			);
			currentVersion = DF210DC81D4B5BBC007BF8D9 /* survey.xcdatamodel */;
			path = survey.xcdatamodeld;
			sourceTree = "<group>";
			versionGroupType = wrapper.xcdatamodel;
		};
/* End XCVersionGroup section */
	};
	rootObject = DF210DB51D4B5BBC007BF8D9 /* Project object */;
}
